
Microsoft Visual Studio Solution File, Format Version 12.00
# Visual Studio Version 17
VisualStudioVersion = 17.7.34221.43
MinimumVisualStudioVersion = 10.0.40219.1
Project("{FAE04EC0-301F-11D3-BF4B-00C04F79EFBC}") = "WpfApp1", "WpfApp1\WpfApp1.csproj", "{DF9A02DA-4EBD-441E-A96C-1F6559A00D27}"
EndProject
Project("{FAE04EC0-301F-11D3-BF4B-00C04F79EFBC}") = "TestComConnection", "TestComConnection\TestComConnection.csproj", "{67EF69FD-1E6D-472C-AA01-C14366EA8C2A}"
EndProject
Global
	GlobalSection(SolutionConfigurationPlatforms) = preSolution
		Debug|Any CPU = Debug|Any CPU
		Release|Any CPU = Release|Any CPU
	EndGlobalSection
	GlobalSection(ProjectConfigurationPlatforms) = postSolution
		{DF9A02DA-4EBD-441E-A96C-1F6559A00D27}.Debug|Any CPU.ActiveCfg = Debug|Any CPU
		{DF9A02DA-4EBD-441E-A96C-1F6559A00D27}.Debug|Any CPU.Build.0 = Debug|Any CPU
		{DF9A02DA-4EBD-441E-A96C-1F6559A00D27}.Release|Any CPU.ActiveCfg = Release|Any CPU
		{DF9A02DA-4EBD-441E-A96C-1F6559A00D27}.Release|Any CPU.Build.0 = Release|Any CPU
		{67EF69FD-1E6D-472C-AA01-C14366EA8C2A}.Debug|Any CPU.ActiveCfg = Debug|Any CPU
		{67EF69FD-1E6D-472C-AA01-C14366EA8C2A}.Debug|Any CPU.Build.0 = Debug|Any CPU
		{67EF69FD-1E6D-472C-AA01-C14366EA8C2A}.Release|Any CPU.ActiveCfg = Release|Any CPU
		{67EF69FD-1E6D-472C-AA01-C14366EA8C2A}.Release|Any CPU.Build.0 = Release|Any CPU
	EndGlobalSection
	GlobalSection(SolutionProperties) = preSolution
		HideSolutionNode = FALSE
	EndGlobalSection
	GlobalSection(ExtensibilityGlobals) = postSolution
		SolutionGuid = {485F1FD4-64A8-4D51-861B-36E6125CC6A8}
	EndGlobalSection
EndGlobal
